{
  "version": 4,
  "terraform_version": "1.0.7",
  "serial": 28,
  "lineage": "46be37c9-bb0c-0df3-688e-7ee956f4eee7",
  "outputs": {
    "webapp_ips": {
      "value": "20.49.160.73,20.49.161.56,20.49.161.75,20.49.161.128,20.49.161.216,20.49.162.236,51.104.28.66",
      "type": "string"
    },
    "webapp_url": {
      "value": "pollinate-project.azurewebsites.net",
      "type": "string"
    }
  },
  "resources": [
    {
      "mode": "managed",
      "type": "azurerm_linux_web_app",
      "name": "app",
      "provider": "provider[\"registry.terraform.io/hashicorp/azurerm\"]",
      "instances": [
        {
          "schema_version": 0,
          "attributes": {
            "app_settings": {
              "SOME_KEY": "some-value"
            },
            "auth_settings": [
              {
                "active_directory": [],
                "additional_login_parameters": {},
                "allowed_external_redirect_urls": [],
                "default_provider": "",
                "enabled": false,
                "facebook": [],
                "github": [],
                "google": [],
                "issuer": "",
                "microsoft": [],
                "runtime_version": "",
                "token_refresh_extension_hours": 0,
                "token_store_enabled": false,
                "twitter": [],
                "unauthenticated_client_action": ""
              }
            ],
            "backup": [],
            "client_affinity_enabled": false,
            "client_certificate_enabled": false,
            "client_certificate_mode": "Required",
            "connection_string": [
              {
                "name": "Database",
                "type": "SQLAzure",
                "value": "Server=tcp:azurerm_mssql_server.sql.fully_qualified_domain_name Database=azurerm_mssql_database.db.name;User ID=azurerm_mssql_server.sql.administrator_login;Password=azurerm_mssql_server.sql.administrator_login_password;Trusted_Connection=False;Encrypt=True;"
              }
            ],
            "custom_domain_verification_id": "BCEBC7055327C200B252F3168DBB64B46AE9A263EFC59A50CFD6A9AF98FDFE2D",
            "default_hostname": "pollinate-project.azurewebsites.net",
            "enabled": true,
            "https_only": false,
            "id": "/subscriptions/f098a34a-0d81-41f3-b953-f9f683f044af/resourceGroups/pollinateRG/providers/Microsoft.Web/sites/pollinate-project",
            "identity": [],
            "key_vault_reference_identity_id": "SystemAssigned",
            "kind": "app,linux",
            "location": "uksouth",
            "logs": [],
            "name": "pollinate-project",
            "outbound_ip_address_list": [
              "20.49.160.73",
              "20.49.161.56",
              "20.49.161.75",
              "20.49.161.128",
              "20.49.161.216",
              "20.49.162.236",
              "51.104.28.66"
            ],
            "outbound_ip_addresses": "20.49.160.73,20.49.161.56,20.49.161.75,20.49.161.128,20.49.161.216,20.49.162.236,51.104.28.66",
            "possible_outbound_ip_address_list": [
              "20.49.160.73",
              "20.49.161.56",
              "20.49.161.75",
              "20.49.161.128",
              "20.49.161.216",
              "20.49.162.236",
              "20.49.164.114",
              "20.49.165.92",
              "20.49.165.131",
              "20.49.165.178",
              "20.49.166.89",
              "20.49.166.107",
              "20.49.166.133",
              "20.49.166.159",
              "20.49.166.176",
              "20.49.166.186",
              "20.49.166.199",
              "20.49.167.17",
              "20.49.228.168",
              "20.49.228.201",
              "20.49.229.3",
              "20.49.229.117",
              "20.49.229.184",
              "20.49.230.74",
              "51.104.28.66"
            ],
            "possible_outbound_ip_addresses": "20.49.160.73,20.49.161.56,20.49.161.75,20.49.161.128,20.49.161.216,20.49.162.236,20.49.164.114,20.49.165.92,20.49.165.131,20.49.165.178,20.49.166.89,20.49.166.107,20.49.166.133,20.49.166.159,20.49.166.176,20.49.166.186,20.49.166.199,20.49.167.17,20.49.228.168,20.49.228.201,20.49.229.3,20.49.229.117,20.49.229.184,20.49.230.74,51.104.28.66",
            "resource_group_name": "pollinateRG",
            "service_plan_id": "/subscriptions/f098a34a-0d81-41f3-b953-f9f683f044af/resourceGroups/pollinateRG/providers/Microsoft.Web/serverfarms/pollappserviceplan",
            "site_config": [
              {
                "always_on": true,
                "api_definition_url": "",
                "api_management_api_id": "",
                "app_command_line": "",
                "application_stack": [
                  {
                    "docker_image": "",
                    "docker_image_tag": "",
                    "dotnet_version": "6.0",
                    "java_server": "",
                    "java_server_version": "",
                    "java_version": "",
                    "node_version": "",
                    "php_version": "",
                    "python_version": "",
                    "ruby_version": ""
                  }
                ],
                "auto_heal_enabled": false,
                "auto_heal_setting": [],
                "container_registry_managed_identity_client_id": "",
                "container_registry_use_managed_identity": false,
                "cors": [],
                "default_documents": [
                  "Default.htm",
                  "Default.html",
                  "Default.asp",
                  "index.htm",
                  "index.html",
                  "iisstart.htm",
                  "default.aspx",
                  "index.php",
                  "hostingstart.html"
                ],
                "detailed_error_logging_enabled": false,
                "ftps_state": "Disabled",
                "health_check_eviction_time_in_min": 0,
                "health_check_path": "",
                "http2_enabled": false,
                "ip_restriction": [],
                "linux_fx_version": "DOTNETCORE|6.0",
                "load_balancing_mode": "LeastRequests",
                "local_mysql_enabled": false,
                "managed_pipeline_mode": "Integrated",
                "minimum_tls_version": "1.2",
                "remote_debugging_enabled": false,
                "remote_debugging_version": "VS2019",
                "scm_ip_restriction": [],
                "scm_minimum_tls_version": "1.2",
                "scm_type": "None",
                "scm_use_main_ip_restriction": false,
                "use_32_bit_worker": true,
                "vnet_route_all_enabled": false,
                "websockets_enabled": false,
                "worker_count": 1
              }
            ],
            "site_credential": [
              {
                "name": "$pollinate-project",
                "password": "33s7Cew4zTWvuCrLAlrkpsufa9BLfb5veNDniHRGP84uoear8J9q5o0excWJ"
              }
            ],
            "sticky_settings": [],
            "storage_account": [],
            "tags": null,
            "timeouts": null
          },
          "sensitive_attributes": [],
          "private": "eyJlMmJmYjczMC1lY2FhLTExZTYtOGY4OC0zNDM2M2JjN2M0YzAiOnsiY3JlYXRlIjoxODAwMDAwMDAwMDAwLCJkZWxldGUiOjE4MDAwMDAwMDAwMDAsInJlYWQiOjMwMDAwMDAwMDAwMCwidXBkYXRlIjoxODAwMDAwMDAwMDAwfX0=",
          "dependencies": [
            "azurerm_resource_group.rg",
            "azurerm_service_plan.plan"
          ]
        }
      ]
    },
    {
      "mode": "managed",
      "type": "azurerm_mssql_database",
      "name": "db",
      "provider": "provider[\"registry.terraform.io/hashicorp/azurerm\"]",
      "instances": [
        {
          "schema_version": 1,
          "attributes": {
            "auto_pause_delay_in_minutes": 0,
            "collation": "SQL_Latin1_General_CP1_CI_AS",
            "create_mode": "Default",
            "creation_source_database_id": null,
            "elastic_pool_id": "",
            "geo_backup_enabled": true,
            "id": "/subscriptions/f098a34a-0d81-41f3-b953-f9f683f044af/resourceGroups/pollinateRG/providers/Microsoft.Sql/servers/pollinate-sqlserver-021/databases/PollinateDB",
            "ledger_enabled": false,
            "license_type": "",
            "long_term_retention_policy": [
              {
                "monthly_retention": "PT0S",
                "week_of_year": 0,
                "weekly_retention": "PT0S",
                "yearly_retention": "PT0S"
              }
            ],
            "max_size_gb": 250,
            "min_capacity": 0,
            "name": "PollinateDB",
            "read_replica_count": 0,
            "read_scale": false,
            "recover_database_id": null,
            "restore_dropped_database_id": null,
            "restore_point_in_time": null,
            "sample_name": null,
            "server_id": "/subscriptions/f098a34a-0d81-41f3-b953-f9f683f044af/resourceGroups/pollinateRG/providers/Microsoft.Sql/servers/pollinate-sqlserver-021",
            "short_term_retention_policy": [
              {
                "backup_interval_in_hours": 24,
                "retention_days": 7
              }
            ],
            "sku_name": "S0",
            "storage_account_type": "Geo",
            "tags": null,
            "threat_detection_policy": [
              {
                "disabled_alerts": [],
                "email_account_admins": "Disabled",
                "email_addresses": [],
                "retention_days": 0,
                "state": "Disabled",
                "storage_account_access_key": "",
                "storage_endpoint": ""
              }
            ],
            "timeouts": null,
            "transparent_data_encryption_enabled": true,
            "zone_redundant": false
          },
          "sensitive_attributes": [],
          "private": "eyJlMmJmYjczMC1lY2FhLTExZTYtOGY4OC0zNDM2M2JjN2M0YzAiOnsiY3JlYXRlIjozNjAwMDAwMDAwMDAwLCJkZWxldGUiOjM2MDAwMDAwMDAwMDAsInJlYWQiOjMwMDAwMDAwMDAwMCwidXBkYXRlIjozNjAwMDAwMDAwMDAwfSwic2NoZW1hX3ZlcnNpb24iOiIxIn0=",
          "dependencies": [
            "azurerm_mssql_server.sql",
            "azurerm_resource_group.rg"
          ]
        }
      ]
    },
    {
      "mode": "managed",
      "type": "azurerm_mssql_database_extended_auditing_policy",
      "name": "policy",
      "provider": "provider[\"registry.terraform.io/hashicorp/azurerm\"]",
      "instances": [
        {
          "schema_version": 0,
          "attributes": {
            "database_id": "/subscriptions/f098a34a-0d81-41f3-b953-f9f683f044af/resourceGroups/pollinateRG/providers/Microsoft.Sql/servers/pollinate-sqlserver-021/databases/PollinateDB",
            "enabled": true,
            "id": "/subscriptions/f098a34a-0d81-41f3-b953-f9f683f044af/resourceGroups/pollinateRG/providers/Microsoft.Sql/servers/pollinate-sqlserver-021/databases/PollinateDB/extendedAuditingSettings/Default",
            "log_monitoring_enabled": true,
            "retention_in_days": 1,
            "storage_account_access_key": "k1x27eloeLZyQEzu8FaLZ6g7ECf93Fd96/upUenk6eB1z8ApkoDilzP2MdtTTL9VvqhuJgzhyDa0+AStfiZY6Q==",
            "storage_account_access_key_is_secondary": false,
            "storage_endpoint": "https://pollinatestorage2022.blob.core.windows.net/",
            "timeouts": null
          },
          "sensitive_attributes": [
            [
              {
                "type": "get_attr",
                "value": "storage_account_access_key"
              }
            ]
          ],
          "private": "eyJlMmJmYjczMC1lY2FhLTExZTYtOGY4OC0zNDM2M2JjN2M0YzAiOnsiY3JlYXRlIjoxODAwMDAwMDAwMDAwLCJkZWxldGUiOjE4MDAwMDAwMDAwMDAsInJlYWQiOjMwMDAwMDAwMDAwMCwidXBkYXRlIjoxODAwMDAwMDAwMDAwfX0=",
          "dependencies": [
            "azurerm_mssql_database.db",
            "azurerm_mssql_server.sql",
            "azurerm_resource_group.rg",
            "azurerm_storage_account.storage"
          ]
        }
      ]
    },
    {
      "mode": "managed",
      "type": "azurerm_mssql_server",
      "name": "sql",
      "provider": "provider[\"registry.terraform.io/hashicorp/azurerm\"]",
      "instances": [
        {
          "schema_version": 0,
          "attributes": {
            "administrator_login": "AlexG",
            "administrator_login_password": "Polinate2022@",
            "azuread_administrator": [],
            "connection_policy": "Default",
            "fully_qualified_domain_name": "pollinate-sqlserver-021.database.windows.net",
            "id": "/subscriptions/f098a34a-0d81-41f3-b953-f9f683f044af/resourceGroups/pollinateRG/providers/Microsoft.Sql/servers/pollinate-sqlserver-021",
            "identity": [],
            "location": "uksouth",
            "minimum_tls_version": "1.2",
            "name": "pollinate-sqlserver-021",
            "outbound_network_restriction_enabled": false,
            "primary_user_assigned_identity_id": "",
            "public_network_access_enabled": true,
            "resource_group_name": "pollinateRG",
            "restorable_dropped_database_ids": [],
            "tags": null,
            "timeouts": null,
            "version": "12.0"
          },
          "sensitive_attributes": [],
          "private": "eyJlMmJmYjczMC1lY2FhLTExZTYtOGY4OC0zNDM2M2JjN2M0YzAiOnsiY3JlYXRlIjozNjAwMDAwMDAwMDAwLCJkZWxldGUiOjM2MDAwMDAwMDAwMDAsInJlYWQiOjMwMDAwMDAwMDAwMCwidXBkYXRlIjozNjAwMDAwMDAwMDAwfX0=",
          "dependencies": [
            "azurerm_resource_group.rg"
          ]
        }
      ]
    },
    {
      "mode": "managed",
      "type": "azurerm_resource_group",
      "name": "rg",
      "provider": "provider[\"registry.terraform.io/hashicorp/azurerm\"]",
      "instances": [
        {
          "schema_version": 0,
          "attributes": {
            "id": "/subscriptions/f098a34a-0d81-41f3-b953-f9f683f044af/resourceGroups/pollinateRG",
            "location": "uksouth",
            "name": "pollinateRG",
            "tags": {
              "environment": "preproduction"
            },
            "timeouts": null
          },
          "sensitive_attributes": [],
          "private": "eyJlMmJmYjczMC1lY2FhLTExZTYtOGY4OC0zNDM2M2JjN2M0YzAiOnsiY3JlYXRlIjo1NDAwMDAwMDAwMDAwLCJkZWxldGUiOjU0MDAwMDAwMDAwMDAsInJlYWQiOjMwMDAwMDAwMDAwMCwidXBkYXRlIjo1NDAwMDAwMDAwMDAwfX0="
        }
      ]
    },
    {
      "mode": "managed",
      "type": "azurerm_service_plan",
      "name": "plan",
      "provider": "provider[\"registry.terraform.io/hashicorp/azurerm\"]",
      "instances": [
        {
          "schema_version": 0,
          "attributes": {
            "app_service_environment_id": "",
            "id": "/subscriptions/f098a34a-0d81-41f3-b953-f9f683f044af/resourceGroups/pollinateRG/providers/Microsoft.Web/serverfarms/pollappserviceplan",
            "kind": "linux",
            "location": "uksouth",
            "maximum_elastic_worker_count": 1,
            "name": "pollappserviceplan",
            "os_type": "Linux",
            "per_site_scaling_enabled": false,
            "reserved": true,
            "resource_group_name": "pollinateRG",
            "sku_name": "B1",
            "tags": null,
            "timeouts": null,
            "worker_count": 1,
            "zone_balancing_enabled": false
          },
          "sensitive_attributes": [],
          "private": "eyJlMmJmYjczMC1lY2FhLTExZTYtOGY4OC0zNDM2M2JjN2M0YzAiOnsiY3JlYXRlIjozNjAwMDAwMDAwMDAwLCJkZWxldGUiOjM2MDAwMDAwMDAwMDAsInJlYWQiOjMwMDAwMDAwMDAwMCwidXBkYXRlIjozNjAwMDAwMDAwMDAwfX0=",
          "dependencies": [
            "azurerm_resource_group.rg"
          ]
        }
      ]
    },
    {
      "mode": "managed",
      "type": "azurerm_storage_account",
      "name": "storage",
      "provider": "provider[\"registry.terraform.io/hashicorp/azurerm\"]",
      "instances": [
        {
          "schema_version": 3,
          "attributes": {
            "access_tier": "Hot",
            "account_kind": "StorageV2",
            "account_replication_type": "LRS",
            "account_tier": "Standard",
            "allow_nested_items_to_be_public": true,
            "azure_files_authentication": [],
            "blob_properties": [
              {
                "change_feed_enabled": false,
                "container_delete_retention_policy": [],
                "cors_rule": [],
                "default_service_version": "",
                "delete_retention_policy": [],
                "last_access_time_enabled": false,
                "versioning_enabled": false
              }
            ],
            "cross_tenant_replication_enabled": true,
            "custom_domain": [],
            "customer_managed_key": [],
            "edge_zone": "",
            "enable_https_traffic_only": true,
            "id": "/subscriptions/f098a34a-0d81-41f3-b953-f9f683f044af/resourceGroups/pollinateRG/providers/Microsoft.Storage/storageAccounts/pollinatestorage2022",
            "identity": [],
            "infrastructure_encryption_enabled": false,
            "is_hns_enabled": false,
            "large_file_share_enabled": null,
            "location": "uksouth",
            "min_tls_version": "TLS1_2",
            "name": "pollinatestorage2022",
            "network_rules": [
              {
                "bypass": [
                  "AzureServices"
                ],
                "default_action": "Allow",
                "ip_rules": [],
                "private_link_access": [],
                "virtual_network_subnet_ids": []
              }
            ],
            "nfsv3_enabled": false,
            "primary_access_key": "k1x27eloeLZyQEzu8FaLZ6g7ECf93Fd96/upUenk6eB1z8ApkoDilzP2MdtTTL9VvqhuJgzhyDa0+AStfiZY6Q==",
            "primary_blob_connection_string": "DefaultEndpointsProtocol=https;BlobEndpoint=https://pollinatestorage2022.blob.core.windows.net/;AccountName=pollinatestorage2022;AccountKey=k1x27eloeLZyQEzu8FaLZ6g7ECf93Fd96/upUenk6eB1z8ApkoDilzP2MdtTTL9VvqhuJgzhyDa0+AStfiZY6Q==",
            "primary_blob_endpoint": "https://pollinatestorage2022.blob.core.windows.net/",
            "primary_blob_host": "pollinatestorage2022.blob.core.windows.net",
            "primary_connection_string": "DefaultEndpointsProtocol=https;AccountName=pollinatestorage2022;AccountKey=k1x27eloeLZyQEzu8FaLZ6g7ECf93Fd96/upUenk6eB1z8ApkoDilzP2MdtTTL9VvqhuJgzhyDa0+AStfiZY6Q==;EndpointSuffix=core.windows.net",
            "primary_dfs_endpoint": "https://pollinatestorage2022.dfs.core.windows.net/",
            "primary_dfs_host": "pollinatestorage2022.dfs.core.windows.net",
            "primary_file_endpoint": "https://pollinatestorage2022.file.core.windows.net/",
            "primary_file_host": "pollinatestorage2022.file.core.windows.net",
            "primary_location": "uksouth",
            "primary_queue_endpoint": "https://pollinatestorage2022.queue.core.windows.net/",
            "primary_queue_host": "pollinatestorage2022.queue.core.windows.net",
            "primary_table_endpoint": "https://pollinatestorage2022.table.core.windows.net/",
            "primary_table_host": "pollinatestorage2022.table.core.windows.net",
            "primary_web_endpoint": "https://pollinatestorage2022.z33.web.core.windows.net/",
            "primary_web_host": "pollinatestorage2022.z33.web.core.windows.net",
            "queue_encryption_key_type": "Service",
            "queue_properties": [],
            "resource_group_name": "pollinateRG",
            "routing": [],
            "secondary_access_key": "6bedxCFnLhoVLUEuGA7TKuLFPlfVA1mOH2l62Ap88wclHp8GszJa57aRfVYLLwijCDsnfJCZ4r4i+AStRYjgBA==",
            "secondary_blob_connection_string": "",
            "secondary_blob_endpoint": null,
            "secondary_blob_host": null,
            "secondary_connection_string": "DefaultEndpointsProtocol=https;AccountName=pollinatestorage2022;AccountKey=6bedxCFnLhoVLUEuGA7TKuLFPlfVA1mOH2l62Ap88wclHp8GszJa57aRfVYLLwijCDsnfJCZ4r4i+AStRYjgBA==;EndpointSuffix=core.windows.net",
            "secondary_dfs_endpoint": null,
            "secondary_dfs_host": null,
            "secondary_file_endpoint": null,
            "secondary_file_host": null,
            "secondary_location": "",
            "secondary_queue_endpoint": null,
            "secondary_queue_host": null,
            "secondary_table_endpoint": null,
            "secondary_table_host": null,
            "secondary_web_endpoint": null,
            "secondary_web_host": null,
            "share_properties": [
              {
                "cors_rule": [],
                "retention_policy": [
                  {
                    "days": 7
                  }
                ],
                "smb": []
              }
            ],
            "shared_access_key_enabled": true,
            "static_website": [],
            "table_encryption_key_type": "Service",
            "tags": null,
            "timeouts": null
          },
          "sensitive_attributes": [],
          "private": "eyJlMmJmYjczMC1lY2FhLTExZTYtOGY4OC0zNDM2M2JjN2M0YzAiOnsiY3JlYXRlIjozNjAwMDAwMDAwMDAwLCJkZWxldGUiOjM2MDAwMDAwMDAwMDAsInJlYWQiOjMwMDAwMDAwMDAwMCwidXBkYXRlIjozNjAwMDAwMDAwMDAwfSwic2NoZW1hX3ZlcnNpb24iOiIzIn0=",
          "dependencies": [
            "azurerm_resource_group.rg"
          ]
        }
      ]
    }
  ]
}
