
Microsoft Visual Studio Solution File, Format Version 12.00
# Visual Studio Version 16
VisualStudioVersion = 16.0.31729.503
MinimumVisualStudioVersion = 10.0.40219.1
Project("{FAE04EC0-301F-11D3-BF4B-00C04F79EFBC}") = "PollinateV2.0", "PollinateV2.0\PollinateV2.0.csproj", "{0D683254-7591-4873-AA00-CB501CEBF816}"
EndProject
Global
	GlobalSection(SolutionConfigurationPlatforms) = preSolution
		Debug|Any CPU = Debug|Any CPU
		Release|Any CPU = Release|Any CPU
	EndGlobalSection
	GlobalSection(ProjectConfigurationPlatforms) = postSolution
		{0D683254-7591-4873-AA00-CB501CEBF816}.Debug|Any CPU.ActiveCfg = Debug|Any CPU
		{0D683254-7591-4873-AA00-CB501CEBF816}.Debug|Any CPU.Build.0 = Debug|Any CPU
		{0D683254-7591-4873-AA00-CB501CEBF816}.Release|Any CPU.ActiveCfg = Release|Any CPU
		{0D683254-7591-4873-AA00-CB501CEBF816}.Release|Any CPU.Build.0 = Release|Any CPU
	EndGlobalSection
	GlobalSection(SolutionProperties) = preSolution
		HideSolutionNode = FALSE
	EndGlobalSection
	GlobalSection(ExtensibilityGlobals) = postSolution
		SolutionGuid = {CF869289-EB8E-4C4D-B5DA-16E135C6641C}
	EndGlobalSection
EndGlobal
